
Microsoft Visual Studio Solution File, Format Version 12.00
# Visual Studio Version 16
VisualStudioVersion = 16.0.30011.22
MinimumVisualStudioVersion = 10.0.40219.1
Project("{9A19103F-16F7-4668-BE54-9A1E7A4F7556}") = "CMS.Core", "Email_CMS\CMS.Core.csproj", "{A091B2CC-DF2B-454F-93BE-C4803323928C}"
EndProject
Global
	GlobalSection(SolutionConfigurationPlatforms) = preSolution
		Debug|Any CPU = Debug|Any CPU
		Release|Any CPU = Release|Any CPU
	EndGlobalSection
	GlobalSection(ProjectConfigurationPlatforms) = postSolution
		{A091B2CC-DF2B-454F-93BE-C4803323928C}.Debug|Any CPU.ActiveCfg = Debug|Any CPU
		{A091B2CC-DF2B-454F-93BE-C4803323928C}.Debug|Any CPU.Build.0 = Debug|Any CPU
		{A091B2CC-DF2B-454F-93BE-C4803323928C}.Release|Any CPU.ActiveCfg = Release|Any CPU
		{A091B2CC-DF2B-454F-93BE-C4803323928C}.Release|Any CPU.Build.0 = Release|Any CPU
	EndGlobalSection
	GlobalSection(SolutionProperties) = preSolution
		HideSolutionNode = FALSE
	EndGlobalSection
	GlobalSection(ExtensibilityGlobals) = postSolution
		SolutionGuid = {2012C380-0860-4669-A40E-971D3B606CC2}
	EndGlobalSection
EndGlobal
